
Microsoft Visual Studio Solution File, Format Version 12.00
# Visual Studio Version 17
VisualStudioVersion = 17.0.31903.59
MinimumVisualStudioVersion = 10.0.40219.1
Project("{2150E333-8FDC-42A3-9474-1A3956D46DE8}") = "src", "src", "{31C06793-FFBF-4EB1-94A6-9367D98A1856}"
EndProject
Project("{FAE04EC0-301F-11D3-BF4B-00C04F79EFBC}") = "RPA", "src\RPA\RPA.csproj", "{04B29120-837A-4326-A356-D3958FDB445C}"
EndProject
Global
	GlobalSection(SolutionConfigurationPlatforms) = preSolution
		Debug|Any CPU = Debug|Any CPU
		Release|Any CPU = Release|Any CPU
	EndGlobalSection
	GlobalSection(ProjectConfigurationPlatforms) = postSolution
		{04B29120-837A-4326-A356-D3958FDB445C}.Debug|Any CPU.ActiveCfg = Debug|Any CPU
		{04B29120-837A-4326-A356-D3958FDB445C}.Debug|Any CPU.Build.0 = Debug|Any CPU
		{04B29120-837A-4326-A356-D3958FDB445C}.Release|Any CPU.ActiveCfg = Release|Any CPU
		{04B29120-837A-4326-A356-D3958FDB445C}.Release|Any CPU.Build.0 = Release|Any CPU
	EndGlobalSection
	GlobalSection(SolutionProperties) = preSolution
		HideSolutionNode = FALSE
	EndGlobalSection
	GlobalSection(NestedProjects) = preSolution
		{04B29120-837A-4326-A356-D3958FDB445C} = {31C06793-FFBF-4EB1-94A6-9367D98A1856}
	EndGlobalSection
EndGlobal
